// !$*UTF8*$!
{
	archiveVersion = 1;
	classes = {
	};
	objectVersion = 77;
	objects = {

/* Begin PBXBuildFile section */
		FADB71612E75CA230090325C /* NotoTests.swift in Sources */ = {isa = PBXBuildFile; fileRef = FADB715F2E75CA230090325C /* NotoTests.swift */; };
		FADB71652E75CA300090325C /* NotoUITestsLaunchTests.swift in Sources */ = {isa = PBXBuildFile; fileRef = FADB71632E75CA300090325C /* NotoUITestsLaunchTests.swift */; };
		FADB71662E75CA300090325C /* NotoUITests.swift in Sources */ = {isa = PBXBuildFile; fileRef = FADB71622E75CA300090325C /* NotoUITests.swift */; };
/* End PBXBuildFile section */

/* Begin PBXContainerItemProxy section */
		FAA762412E66CAE800BF88FD /* PBXContainerItemProxy */ = {
			isa = PBXContainerItemProxy;
			containerPortal = FAA7622A2E66CAE700BF88FD /* Project object */;
			proxyType = 1;
			remoteGlobalIDString = FAA762312E66CAE700BF88FD;
			remoteInfo = NTex;
		};
		FAA7624B2E66CAE800BF88FD /* PBXContainerItemProxy */ = {
			isa = PBXContainerItemProxy;
			containerPortal = FAA7622A2E66CAE700BF88FD /* Project object */;
			proxyType = 1;
			remoteGlobalIDString = FAA762312E66CAE700BF88FD;
			remoteInfo = NTex;
		};
/* End PBXContainerItemProxy section */

/* Begin PBXCopyFilesBuildPhase section */
		FA5B05772E66D29A00F111CB /* Embed Frameworks */ = {
			isa = PBXCopyFilesBuildPhase;
			buildActionMask = 2147483647;
			dstPath = "";
			dstSubfolderSpec = 10;
			files = (
			);
			name = "Embed Frameworks";
			runOnlyForDeploymentPostprocessing = 0;
		};
/* End PBXCopyFilesBuildPhase section */

/* Begin PBXFileReference section */
		265EF3FBF99C8F25D081A6E2 /* Pods-Noto.release.xcconfig */ = {isa = PBXFileReference; includeInIndex = 1; lastKnownFileType = text.xcconfig; name = "Pods-Noto.release.xcconfig"; path = "Target Support Files/Pods-Noto/Pods-Noto.release.xcconfig"; sourceTree = "<group>"; };
		4C6F267B39C2FA0184835A7A /* Pods-NTex.debug.xcconfig */ = {isa = PBXFileReference; includeInIndex = 1; lastKnownFileType = text.xcconfig; name = "Pods-NTex.debug.xcconfig"; path = "Target Support Files/Pods-NTex/Pods-NTex.debug.xcconfig"; sourceTree = "<group>"; };
		8C0B139C27C801ECE33B5C95 /* Pods_Noto.framework */ = {isa = PBXFileReference; explicitFileType = wrapper.framework; includeInIndex = 0; path = Pods_Noto.framework; sourceTree = BUILT_PRODUCTS_DIR; };
		9B9D4F762DC09ECEC169F795 /* Pods-Noto.debug.xcconfig */ = {isa = PBXFileReference; includeInIndex = 1; lastKnownFileType = text.xcconfig; name = "Pods-Noto.debug.xcconfig"; path = "Target Support Files/Pods-Noto/Pods-Noto.debug.xcconfig"; sourceTree = "<group>"; };
		CD199A10CB7A17371FCBF468 /* Pods-NTex.release.xcconfig */ = {isa = PBXFileReference; includeInIndex = 1; lastKnownFileType = text.xcconfig; name = "Pods-NTex.release.xcconfig"; path = "Target Support Files/Pods-NTex/Pods-NTex.release.xcconfig"; sourceTree = "<group>"; };
		FA5B05742E66D29A00F111CB /* iosMath.framework */ = {isa = PBXFileReference; explicitFileType = wrapper.framework; path = iosMath.framework; sourceTree = BUILT_PRODUCTS_DIR; };
		FAA762322E66CAE700BF88FD /* Noto.app */ = {isa = PBXFileReference; explicitFileType = wrapper.application; includeInIndex = 0; path = Noto.app; sourceTree = BUILT_PRODUCTS_DIR; };
		FAA762402E66CAE800BF88FD /* NotoTests.xctest */ = {isa = PBXFileReference; explicitFileType = wrapper.cfbundle; includeInIndex = 0; path = NotoTests.xctest; sourceTree = BUILT_PRODUCTS_DIR; };
		FAA7624A2E66CAE800BF88FD /* NotoUITests.xctest */ = {isa = PBXFileReference; explicitFileType = wrapper.cfbundle; includeInIndex = 0; path = NotoUITests.xctest; sourceTree = BUILT_PRODUCTS_DIR; };
		FADB715F2E75CA230090325C /* NotoTests.swift */ = {isa = PBXFileReference; lastKnownFileType = sourcecode.swift; path = NotoTests.swift; sourceTree = "<group>"; };
		FADB71622E75CA300090325C /* NotoUITests.swift */ = {isa = PBXFileReference; lastKnownFileType = sourcecode.swift; path = NotoUITests.swift; sourceTree = "<group>"; };
		FADB71632E75CA300090325C /* NotoUITestsLaunchTests.swift */ = {isa = PBXFileReference; lastKnownFileType = sourcecode.swift; path = NotoUITestsLaunchTests.swift; sourceTree = "<group>"; };
		FADB71682E75CB520090325C /* Noto.entitlements */ = {isa = PBXFileReference; lastKnownFileType = text.plist.entitlements; path = Noto.entitlements; sourceTree = "<group>"; };
/* End PBXFileReference section */

/* Begin PBXFileSystemSynchronizedBuildFileExceptionSet section */
		FADB71692E75D4500090325C /* Exceptions for "Noto" folder in "Noto" target */ = {
			isa = PBXFileSystemSynchronizedBuildFileExceptionSet;
			membershipExceptions = (
				Config/Debug.xcconfig,
				Config/Release.xcconfig,
				Info.plist,
			);
			target = FAA762312E66CAE700BF88FD /* Noto */;
		};
/* End PBXFileSystemSynchronizedBuildFileExceptionSet section */

/* Begin PBXFileSystemSynchronizedGroupBuildPhaseMembershipExceptionSet section */
		FA77460C2E8448BC00405560 /* Exceptions for "Noto" folder in "Compile Sources" phase from "Noto" target */ = {
			isa = PBXFileSystemSynchronizedGroupBuildPhaseMembershipExceptionSet;
			buildPhase = FAA7622E2E66CAE700BF88FD /* Sources */;
			membershipExceptions = (
				Config/Debug.xcconfig,
				Config/Release.xcconfig,
			);
		};
/* End PBXFileSystemSynchronizedGroupBuildPhaseMembershipExceptionSet section */

/* Begin PBXFileSystemSynchronizedRootGroup section */
		FAA762342E66CAE700BF88FD /* Noto */ = {
			isa = PBXFileSystemSynchronizedRootGroup;
			exceptions = (
				FADB71692E75D4500090325C /* Exceptions for "Noto" folder in "Noto" target */,
				FA77460C2E8448BC00405560 /* Exceptions for "Noto" folder in "Compile Sources" phase from "Noto" target */,
			);
			path = Noto;
			sourceTree = "<group>";
		};
/* End PBXFileSystemSynchronizedRootGroup section */

/* Begin PBXFrameworksBuildPhase section */
		FAA7622F2E66CAE700BF88FD /* Frameworks */ = {
			isa = PBXFrameworksBuildPhase;
			buildActionMask = 2147483647;
			files = (
			);
			runOnlyForDeploymentPostprocessing = 0;
		};
		FAA7623D2E66CAE800BF88FD /* Frameworks */ = {
			isa = PBXFrameworksBuildPhase;
			buildActionMask = 2147483647;
			files = (
			);
			runOnlyForDeploymentPostprocessing = 0;
		};
		FAA762472E66CAE800BF88FD /* Frameworks */ = {
			isa = PBXFrameworksBuildPhase;
			buildActionMask = 2147483647;
			files = (
			);
			runOnlyForDeploymentPostprocessing = 0;
		};
/* End PBXFrameworksBuildPhase section */

/* Begin PBXGroup section */
		342CC71A2799448046866D3A /* Pods */ = {
			isa = PBXGroup;
			children = (
				4C6F267B39C2FA0184835A7A /* Pods-NTex.debug.xcconfig */,
				CD199A10CB7A17371FCBF468 /* Pods-NTex.release.xcconfig */,
				9B9D4F762DC09ECEC169F795 /* Pods-Noto.debug.xcconfig */,
				265EF3FBF99C8F25D081A6E2 /* Pods-Noto.release.xcconfig */,
			);
			path = Pods;
			sourceTree = "<group>";
		};
		A3F3275A2D8CDB108A8D7C08 /* Frameworks */ = {
			isa = PBXGroup;
			children = (
				FA5B05742E66D29A00F111CB /* iosMath.framework */,
				8C0B139C27C801ECE33B5C95 /* Pods_Noto.framework */,
			);
			name = Frameworks;
			sourceTree = "<group>";
		};
		FAA762292E66CAE700BF88FD = {
			isa = PBXGroup;
			children = (
				FAA762342E66CAE700BF88FD /* Noto */,
				FADB71642E75CA300090325C /* NotoUITests */,
				FADB71602E75CA230090325C /* NotoTests */,
				FAA762332E66CAE700BF88FD /* Products */,
				342CC71A2799448046866D3A /* Pods */,
				A3F3275A2D8CDB108A8D7C08 /* Frameworks */,
			);
			sourceTree = "<group>";
		};
		FAA762332E66CAE700BF88FD /* Products */ = {
			isa = PBXGroup;
			children = (
				FAA762322E66CAE700BF88FD /* Noto.app */,
				FAA762402E66CAE800BF88FD /* NotoTests.xctest */,
				FAA7624A2E66CAE800BF88FD /* NotoUITests.xctest */,
				FADB71682E75CB520090325C /* Noto.entitlements */,
			);
			name = Products;
			sourceTree = "<group>";
		};
		FADB71602E75CA230090325C /* NotoTests */ = {
			isa = PBXGroup;
			children = (
				FADB715F2E75CA230090325C /* NotoTests.swift */,
			);
			path = NotoTests;
			sourceTree = "<group>";
		};
		FADB71642E75CA300090325C /* NotoUITests */ = {
			isa = PBXGroup;
			children = (
				FADB71622E75CA300090325C /* NotoUITests.swift */,
				FADB71632E75CA300090325C /* NotoUITestsLaunchTests.swift */,
			);
			path = NotoUITests;
			sourceTree = "<group>";
		};
/* End PBXGroup section */

/* Begin PBXNativeTarget section */
		FAA762312E66CAE700BF88FD /* Noto */ = {
			isa = PBXNativeTarget;
			buildConfigurationList = FAA762542E66CAE800BF88FD /* Build configuration list for PBXNativeTarget "Noto" */;
			buildPhases = (
				FAA7622E2E66CAE700BF88FD /* Sources */,
				FAA7622F2E66CAE700BF88FD /* Frameworks */,
				FAA762302E66CAE700BF88FD /* Resources */,
				FA5B05772E66D29A00F111CB /* Embed Frameworks */,
			);
			buildRules = (
			);
			dependencies = (
			);
			fileSystemSynchronizedGroups = (
				FAA762342E66CAE700BF88FD /* Noto */,
			);
			name = Noto;
			productName = NTex;
			productReference = FAA762322E66CAE700BF88FD /* Noto.app */;
			productType = "com.apple.product-type.application";
		};
		FAA7623F2E66CAE800BF88FD /* NotoTests */ = {
			isa = PBXNativeTarget;
			buildConfigurationList = FAA762572E66CAE800BF88FD /* Build configuration list for PBXNativeTarget "NotoTests" */;
			buildPhases = (
				FAA7623C2E66CAE800BF88FD /* Sources */,
				FAA7623D2E66CAE800BF88FD /* Frameworks */,
				FAA7623E2E66CAE800BF88FD /* Resources */,
			);
			buildRules = (
			);
			dependencies = (
				FAA762422E66CAE800BF88FD /* PBXTargetDependency */,
			);
			name = NotoTests;
			productName = NTexTests;
			productReference = FAA762402E66CAE800BF88FD /* NotoTests.xctest */;
			productType = "com.apple.product-type.bundle.unit-test";
		};
		FAA762492E66CAE800BF88FD /* NotoUITests */ = {
			isa = PBXNativeTarget;
			buildConfigurationList = FAA7625A2E66CAE800BF88FD /* Build configuration list for PBXNativeTarget "NotoUITests" */;
			buildPhases = (
				FAA762462E66CAE800BF88FD /* Sources */,
				FAA762472E66CAE800BF88FD /* Frameworks */,
				FAA762482E66CAE800BF88FD /* Resources */,
			);
			buildRules = (
			);
			dependencies = (
				FAA7624C2E66CAE800BF88FD /* PBXTargetDependency */,
			);
			name = NotoUITests;
			productName = NTexUITests;
			productReference = FAA7624A2E66CAE800BF88FD /* NotoUITests.xctest */;
			productType = "com.apple.product-type.bundle.ui-testing";
		};
/* End PBXNativeTarget section */

/* Begin PBXProject section */
		FAA7622A2E66CAE700BF88FD /* Project object */ = {
			isa = PBXProject;
			attributes = {
				BuildIndependentTargetsInParallel = 1;
				LastSwiftUpdateCheck = 1640;
				LastUpgradeCheck = 1640;
				TargetAttributes = {
					FAA762312E66CAE700BF88FD = {
						CreatedOnToolsVersion = 16.4;
					};
					FAA7623F2E66CAE800BF88FD = {
						CreatedOnToolsVersion = 16.4;
						TestTargetID = FAA762312E66CAE700BF88FD;
					};
					FAA762492E66CAE800BF88FD = {
						CreatedOnToolsVersion = 16.4;
						TestTargetID = FAA762312E66CAE700BF88FD;
					};
				};
			};
			buildConfigurationList = FAA7622D2E66CAE700BF88FD /* Build configuration list for PBXProject "Noto" */;
			developmentRegion = en;
			hasScannedForEncodings = 0;
			knownRegions = (
				en,
				Base,
			);
			mainGroup = FAA762292E66CAE700BF88FD;
			minimizedProjectReferenceProxies = 1;
			preferredProjectObjectVersion = 77;
			productRefGroup = FAA762332E66CAE700BF88FD /* Products */;
			projectDirPath = "";
			projectRoot = "";
			targets = (
				FAA762312E66CAE700BF88FD /* Noto */,
				FAA7623F2E66CAE800BF88FD /* NotoTests */,
				FAA762492E66CAE800BF88FD /* NotoUITests */,
			);
		};
/* End PBXProject section */

/* Begin PBXResourcesBuildPhase section */
		FAA762302E66CAE700BF88FD /* Resources */ = {
			isa = PBXResourcesBuildPhase;
			buildActionMask = 2147483647;
			files = (
			);
			runOnlyForDeploymentPostprocessing = 0;
		};
		FAA7623E2E66CAE800BF88FD /* Resources */ = {
			isa = PBXResourcesBuildPhase;
			buildActionMask = 2147483647;
			files = (
			);
			runOnlyForDeploymentPostprocessing = 0;
		};
		FAA762482E66CAE800BF88FD /* Resources */ = {
			isa = PBXResourcesBuildPhase;
			buildActionMask = 2147483647;
			files = (
			);
			runOnlyForDeploymentPostprocessing = 0;
		};
/* End PBXResourcesBuildPhase section */

/* Begin PBXSourcesBuildPhase section */
		FAA7622E2E66CAE700BF88FD /* Sources */ = {
			isa = PBXSourcesBuildPhase;
			buildActionMask = 2147483647;
			files = (
			);
			runOnlyForDeploymentPostprocessing = 0;
		};
		FAA7623C2E66CAE800BF88FD /* Sources */ = {
			isa = PBXSourcesBuildPhase;
			buildActionMask = 2147483647;
			files = (
				FADB71612E75CA230090325C /* NotoTests.swift in Sources */,
			);
			runOnlyForDeploymentPostprocessing = 0;
		};
		FAA762462E66CAE800BF88FD /* Sources */ = {
			isa = PBXSourcesBuildPhase;
			buildActionMask = 2147483647;
			files = (
				FADB71652E75CA300090325C /* NotoUITestsLaunchTests.swift in Sources */,
				FADB71662E75CA300090325C /* NotoUITests.swift in Sources */,
			);
			runOnlyForDeploymentPostprocessing = 0;
		};
/* End PBXSourcesBuildPhase section */

/* Begin PBXTargetDependency section */
		FAA762422E66CAE800BF88FD /* PBXTargetDependency */ = {
			isa = PBXTargetDependency;
			target = FAA762312E66CAE700BF88FD /* Noto */;
			targetProxy = FAA762412E66CAE800BF88FD /* PBXContainerItemProxy */;
		};
		FAA7624C2E66CAE800BF88FD /* PBXTargetDependency */ = {
			isa = PBXTargetDependency;
			target = FAA762312E66CAE700BF88FD /* Noto */;
			targetProxy = FAA7624B2E66CAE800BF88FD /* PBXContainerItemProxy */;
		};
/* End PBXTargetDependency section */

/* Begin XCBuildConfiguration section */
		FAA762522E66CAE800BF88FD /* Debug */ = {
			isa = XCBuildConfiguration;
			baseConfigurationReferenceAnchor = FAA762342E66CAE700BF88FD /* Noto */;
			baseConfigurationReferenceRelativePath = Config/Secrets.xcconfig;
			buildSettings = {
				ALWAYS_SEARCH_USER_PATHS = NO;
				ASSETCATALOG_COMPILER_GENERATE_SWIFT_ASSET_SYMBOL_EXTENSIONS = YES;
				CLANG_ANALYZER_NONNULL = YES;
				CLANG_ANALYZER_NUMBER_OBJECT_CONVERSION = YES_AGGRESSIVE;
				CLANG_CXX_LANGUAGE_STANDARD = "gnu++20";
				CLANG_ENABLE_MODULES = YES;
				CLANG_ENABLE_OBJC_ARC = YES;
				CLANG_ENABLE_OBJC_WEAK = YES;
				CLANG_WARN_BLOCK_CAPTURE_AUTORELEASING = YES;
				CLANG_WARN_BOOL_CONVERSION = YES;
				CLANG_WARN_COMMA = YES;
				CLANG_WARN_CONSTANT_CONVERSION = YES;
				CLANG_WARN_DEPRECATED_OBJC_IMPLEMENTATIONS = YES;
				CLANG_WARN_DIRECT_OBJC_ISA_USAGE = YES_ERROR;
				CLANG_WARN_DOCUMENTATION_COMMENTS = YES;
				CLANG_WARN_EMPTY_BODY = YES;
				CLANG_WARN_ENUM_CONVERSION = YES;
				CLANG_WARN_INFINITE_RECURSION = YES;
				CLANG_WARN_INT_CONVERSION = YES;
				CLANG_WARN_NON_LITERAL_NULL_CONVERSION = YES;
				CLANG_WARN_OBJC_IMPLICIT_RETAIN_SELF = YES;
				CLANG_WARN_OBJC_LITERAL_CONVERSION = YES;
				CLANG_WARN_OBJC_ROOT_CLASS = YES_ERROR;
				CLANG_WARN_QUOTED_INCLUDE_IN_FRAMEWORK_HEADER = YES;
				CLANG_WARN_RANGE_LOOP_ANALYSIS = YES;
				CLANG_WARN_STRICT_PROTOTYPES = YES;
				CLANG_WARN_SUSPICIOUS_MOVE = YES;
				CLANG_WARN_UNGUARDED_AVAILABILITY = YES_AGGRESSIVE;
				CLANG_WARN_UNREACHABLE_CODE = YES;
				CLANG_WARN__DUPLICATE_METHOD_MATCH = YES;
				COPY_PHASE_STRIP = NO;
				DEBUG_INFORMATION_FORMAT = dwarf;
				DEVELOPMENT_TEAM = 6857J7TZ5T;
				ENABLE_STRICT_OBJC_MSGSEND = YES;
				ENABLE_TESTABILITY = YES;
				ENABLE_USER_SCRIPT_SANDBOXING = YES;
				GCC_C_LANGUAGE_STANDARD = gnu17;
				GCC_DYNAMIC_NO_PIC = NO;
				GCC_NO_COMMON_BLOCKS = YES;
				GCC_OPTIMIZATION_LEVEL = 0;
				GCC_PREPROCESSOR_DEFINITIONS = (
					"DEBUG=1",
					"$(inherited)",
				);
				GCC_WARN_64_TO_32_BIT_CONVERSION = YES;
				GCC_WARN_ABOUT_RETURN_TYPE = YES_ERROR;
				GCC_WARN_UNDECLARED_SELECTOR = YES;
				GCC_WARN_UNINITIALIZED_AUTOS = YES_AGGRESSIVE;
				GCC_WARN_UNUSED_FUNCTION = YES;
				GCC_WARN_UNUSED_VARIABLE = YES;
				GENERATE_INFOPLIST_FILE = YES;
				INFOPLIST_FILE = "";
				INFOPLIST_KEY_GEMINI_API_KEY = "$(GEMINI_API_KEY)";
				LOCALIZATION_PREFERS_STRING_CATALOGS = YES;
				MTL_ENABLE_DEBUG_INFO = INCLUDE_SOURCE;
				MTL_FAST_MATH = YES;
				ONLY_ACTIVE_ARCH = YES;
				SWIFT_ACTIVE_COMPILATION_CONDITIONS = "DEBUG $(inherited)";
				SWIFT_OPTIMIZATION_LEVEL = "-Onone";
			};
			name = Debug;
		};
		FAA762532E66CAE800BF88FD /* Release */ = {
			isa = XCBuildConfiguration;
			baseConfigurationReferenceAnchor = FAA762342E66CAE700BF88FD /* Noto */;
			baseConfigurationReferenceRelativePath = Config/Secrets.xcconfig;
			buildSettings = {
				ALWAYS_SEARCH_USER_PATHS = NO;
				ASSETCATALOG_COMPILER_GENERATE_SWIFT_ASSET_SYMBOL_EXTENSIONS = YES;
				CLANG_ANALYZER_NONNULL = YES;
				CLANG_ANALYZER_NUMBER_OBJECT_CONVERSION = YES_AGGRESSIVE;
				CLANG_CXX_LANGUAGE_STANDARD = "gnu++20";
				CLANG_ENABLE_MODULES = YES;
				CLANG_ENABLE_OBJC_ARC = YES;
				CLANG_ENABLE_OBJC_WEAK = YES;
				CLANG_WARN_BLOCK_CAPTURE_AUTORELEASING = YES;
				CLANG_WARN_BOOL_CONVERSION = YES;
				CLANG_WARN_COMMA = YES;
				CLANG_WARN_CONSTANT_CONVERSION = YES;
				CLANG_WARN_DEPRECATED_OBJC_IMPLEMENTATIONS = YES;
				CLANG_WARN_DIRECT_OBJC_ISA_USAGE = YES_ERROR;
				CLANG_WARN_DOCUMENTATION_COMMENTS = YES;
				CLANG_WARN_EMPTY_BODY = YES;
				CLANG_WARN_ENUM_CONVERSION = YES;
				CLANG_WARN_INFINITE_RECURSION = YES;
				CLANG_WARN_INT_CONVERSION = YES;
				CLANG_WARN_NON_LITERAL_NULL_CONVERSION = YES;
				CLANG_WARN_OBJC_IMPLICIT_RETAIN_SELF = YES;
				CLANG_WARN_OBJC_LITERAL_CONVERSION = YES;
				CLANG_WARN_OBJC_ROOT_CLASS = YES_ERROR;
				CLANG_WARN_QUOTED_INCLUDE_IN_FRAMEWORK_HEADER = YES;
				CLANG_WARN_RANGE_LOOP_ANALYSIS = YES;
				CLANG_WARN_STRICT_PROTOTYPES = YES;
				CLANG_WARN_SUSPICIOUS_MOVE = YES;
				CLANG_WARN_UNGUARDED_AVAILABILITY = YES_AGGRESSIVE;
				CLANG_WARN_UNREACHABLE_CODE = YES;
				CLANG_WARN__DUPLICATE_METHOD_MATCH = YES;
				COPY_PHASE_STRIP = NO;
				DEBUG_INFORMATION_FORMAT = "dwarf-with-dsym";
				DEVELOPMENT_TEAM = 6857J7TZ5T;
				ENABLE_NS_ASSERTIONS = NO;
				ENABLE_STRICT_OBJC_MSGSEND = YES;
				ENABLE_USER_SCRIPT_SANDBOXING = YES;
				GCC_C_LANGUAGE_STANDARD = gnu17;
				GCC_NO_COMMON_BLOCKS = YES;
				GCC_WARN_64_TO_32_BIT_CONVERSION = YES;
				GCC_WARN_ABOUT_RETURN_TYPE = YES_ERROR;
				GCC_WARN_UNDECLARED_SELECTOR = YES;
				GCC_WARN_UNINITIALIZED_AUTOS = YES_AGGRESSIVE;
				GCC_WARN_UNUSED_FUNCTION = YES;
				GCC_WARN_UNUSED_VARIABLE = YES;
				GENERATE_INFOPLIST_FILE = YES;
				INFOPLIST_FILE = "";
				INFOPLIST_KEY_GEMINI_API_KEY = "$(GEMINI_API_KEY)";
				LOCALIZATION_PREFERS_STRING_CATALOGS = YES;
				MTL_ENABLE_DEBUG_INFO = NO;
				MTL_FAST_MATH = YES;
				SWIFT_COMPILATION_MODE = wholemodule;
			};
			name = Release;
		};
		FAA762552E66CAE800BF88FD /* Debug */ = {
			isa = XCBuildConfiguration;
			baseConfigurationReferenceAnchor = FAA762342E66CAE700BF88FD /* Noto */;
			baseConfigurationReferenceRelativePath = Config/Secrets.xcconfig;
			buildSettings = {
				ASSETCATALOG_COMPILER_APPICON_NAME = AppIcon;
				ASSETCATALOG_COMPILER_GLOBAL_ACCENT_COLOR_NAME = AccentColor;
				CODE_SIGN_ENTITLEMENTS = Noto/Noto.entitlements;
				CODE_SIGN_IDENTITY = "Apple Development";
				CODE_SIGN_STYLE = Automatic;
				CURRENT_PROJECT_VERSION = 1;
				DEVELOPMENT_TEAM = 6857J7TZ5T;
				ENABLE_HARDENED_RUNTIME = YES;
				ENABLE_PREVIEWS = YES;
				GENERATE_INFOPLIST_FILE = NO;
				INFOPLIST_FILE = Noto/Info.plist;
				"INFOPLIST_KEY_UIApplicationSceneManifest_Generation[sdk=iphoneos*]" = YES;
				"INFOPLIST_KEY_UIApplicationSceneManifest_Generation[sdk=iphonesimulator*]" = YES;
				"INFOPLIST_KEY_UIApplicationSupportsIndirectInputEvents[sdk=iphoneos*]" = YES;
				"INFOPLIST_KEY_UIApplicationSupportsIndirectInputEvents[sdk=iphonesimulator*]" = YES;
				"INFOPLIST_KEY_UILaunchScreen_Generation[sdk=iphoneos*]" = YES;
				"INFOPLIST_KEY_UILaunchScreen_Generation[sdk=iphonesimulator*]" = YES;
				"INFOPLIST_KEY_UIStatusBarStyle[sdk=iphoneos*]" = UIStatusBarStyleDefault;
				"INFOPLIST_KEY_UIStatusBarStyle[sdk=iphonesimulator*]" = UIStatusBarStyleDefault;
				INFOPLIST_KEY_UISupportedInterfaceOrientations_iPad = "UIInterfaceOrientationPortrait UIInterfaceOrientationPortraitUpsideDown UIInterfaceOrientationLandscapeLeft UIInterfaceOrientationLandscapeRight";
				INFOPLIST_KEY_UISupportedInterfaceOrientations_iPhone = "UIInterfaceOrientationPortrait UIInterfaceOrientationLandscapeLeft UIInterfaceOrientationLandscapeRight";
				IPHONEOS_DEPLOYMENT_TARGET = 26.0;
				LD_RUNPATH_SEARCH_PATHS = "@executable_path/Frameworks";
				"LD_RUNPATH_SEARCH_PATHS[sdk=macosx*]" = "@executable_path/../Frameworks";
				MACOSX_DEPLOYMENT_TARGET = 15.5;
				MARKETING_VERSION = 1.0;
				PRODUCT_BUNDLE_IDENTIFIER = Wataru.Noto;
				PRODUCT_NAME = "$(TARGET_NAME)";
				PROVISIONING_PROFILE_SPECIFIER = "";
				REGISTER_APP_GROUPS = YES;
				SDKROOT = auto;
				SUPPORTED_PLATFORMS = "iphoneos iphonesimulator";
				SUPPORTS_MACCATALYST = NO;
				SWIFT_EMIT_LOC_STRINGS = YES;
				SWIFT_VERSION = 5.0;
				TARGETED_DEVICE_FAMILY = "1,2";
				XROS_DEPLOYMENT_TARGET = 2.5;
			};
			name = Debug;
		};
		FAA762562E66CAE800BF88FD /* Release */ = {
			isa = XCBuildConfiguration;
			baseConfigurationReferenceAnchor = FAA762342E66CAE700BF88FD /* Noto */;
			baseConfigurationReferenceRelativePath = Config/Secrets.xcconfig;
			buildSettings = {
				ASSETCATALOG_COMPILER_APPICON_NAME = AppIcon;
				ASSETCATALOG_COMPILER_GLOBAL_ACCENT_COLOR_NAME = AccentColor;
				CODE_SIGN_ENTITLEMENTS = Noto/Noto.entitlements;
				CODE_SIGN_IDENTITY = "Apple Development";
				CODE_SIGN_STYLE = Automatic;
				CURRENT_PROJECT_VERSION = 1;
				DEVELOPMENT_TEAM = 6857J7TZ5T;
				ENABLE_HARDENED_RUNTIME = YES;
				ENABLE_PREVIEWS = YES;
				GENERATE_INFOPLIST_FILE = NO;
				INFOPLIST_FILE = Noto/Info.plist;
				"INFOPLIST_KEY_UIApplicationSceneManifest_Generation[sdk=iphoneos*]" = YES;
				"INFOPLIST_KEY_UIApplicationSceneManifest_Generation[sdk=iphonesimulator*]" = YES;
				"INFOPLIST_KEY_UIApplicationSupportsIndirectInputEvents[sdk=iphoneos*]" = YES;
				"INFOPLIST_KEY_UIApplicationSupportsIndirectInputEvents[sdk=iphonesimulator*]" = YES;
				"INFOPLIST_KEY_UILaunchScreen_Generation[sdk=iphoneos*]" = YES;
				"INFOPLIST_KEY_UILaunchScreen_Generation[sdk=iphonesimulator*]" = YES;
				"INFOPLIST_KEY_UIStatusBarStyle[sdk=iphoneos*]" = UIStatusBarStyleDefault;
				"INFOPLIST_KEY_UIStatusBarStyle[sdk=iphonesimulator*]" = UIStatusBarStyleDefault;
				INFOPLIST_KEY_UISupportedInterfaceOrientations_iPad = "UIInterfaceOrientationPortrait UIInterfaceOrientationPortraitUpsideDown UIInterfaceOrientationLandscapeLeft UIInterfaceOrientationLandscapeRight";
				INFOPLIST_KEY_UISupportedInterfaceOrientations_iPhone = "UIInterfaceOrientationPortrait UIInterfaceOrientationLandscapeLeft UIInterfaceOrientationLandscapeRight";
				IPHONEOS_DEPLOYMENT_TARGET = 26.0;
				LD_RUNPATH_SEARCH_PATHS = "@executable_path/Frameworks";
				"LD_RUNPATH_SEARCH_PATHS[sdk=macosx*]" = "@executable_path/../Frameworks";
				MACOSX_DEPLOYMENT_TARGET = 15.5;
				MARKETING_VERSION = 1.0;
				PRODUCT_BUNDLE_IDENTIFIER = Wataru.Noto;
				PRODUCT_NAME = "$(TARGET_NAME)";
				PROVISIONING_PROFILE_SPECIFIER = "";
				REGISTER_APP_GROUPS = YES;
				SDKROOT = auto;
				SUPPORTED_PLATFORMS = "iphoneos iphonesimulator";
				SUPPORTS_MACCATALYST = NO;
				SWIFT_EMIT_LOC_STRINGS = YES;
				SWIFT_VERSION = 5.0;
				TARGETED_DEVICE_FAMILY = "1,2";
				XROS_DEPLOYMENT_TARGET = 2.5;
			};
			name = Release;
		};
		FAA762582E66CAE800BF88FD /* Debug */ = {
			isa = XCBuildConfiguration;
			buildSettings = {
				BUNDLE_LOADER = "$(TEST_HOST)";
				CODE_SIGN_STYLE = Automatic;
				CURRENT_PROJECT_VERSION = 1;
				DEVELOPMENT_TEAM = 6857J7TZ5T;
				GENERATE_INFOPLIST_FILE = YES;
				INFOPLIST_FILE = "";
				IPHONEOS_DEPLOYMENT_TARGET = 18.5;
				MACOSX_DEPLOYMENT_TARGET = 15.5;
				MARKETING_VERSION = 1.0;
				PRODUCT_BUNDLE_IDENTIFIER = Wataru.NotoTests;
				PRODUCT_NAME = "$(TARGET_NAME)";
				SDKROOT = auto;
				SUPPORTED_PLATFORMS = "iphoneos iphonesimulator macosx xros xrsimulator";
				SWIFT_EMIT_LOC_STRINGS = NO;
				SWIFT_VERSION = 5.0;
				TARGETED_DEVICE_FAMILY = "1,2,7";
				TEST_HOST = "$(BUILT_PRODUCTS_DIR)/Noto.app/$(BUNDLE_EXECUTABLE_FOLDER_PATH)/Noto";
				XROS_DEPLOYMENT_TARGET = 2.5;
			};
			name = Debug;
		};
		FAA762592E66CAE800BF88FD /* Release */ = {
			isa = XCBuildConfiguration;
			buildSettings = {
				BUNDLE_LOADER = "$(TEST_HOST)";
				CODE_SIGN_STYLE = Automatic;
				CURRENT_PROJECT_VERSION = 1;
				DEVELOPMENT_TEAM = 6857J7TZ5T;
				GENERATE_INFOPLIST_FILE = YES;
				INFOPLIST_FILE = "";
				IPHONEOS_DEPLOYMENT_TARGET = 18.5;
				MACOSX_DEPLOYMENT_TARGET = 15.5;
				MARKETING_VERSION = 1.0;
				PRODUCT_BUNDLE_IDENTIFIER = Wataru.NotoTests;
				PRODUCT_NAME = "$(TARGET_NAME)";
				SDKROOT = auto;
				SUPPORTED_PLATFORMS = "iphoneos iphonesimulator macosx xros xrsimulator";
				SWIFT_EMIT_LOC_STRINGS = NO;
				SWIFT_VERSION = 5.0;
				TARGETED_DEVICE_FAMILY = "1,2,7";
				TEST_HOST = "$(BUILT_PRODUCTS_DIR)/Noto.app/$(BUNDLE_EXECUTABLE_FOLDER_PATH)/Noto";
				XROS_DEPLOYMENT_TARGET = 2.5;
			};
			name = Release;
		};
		FAA7625B2E66CAE800BF88FD /* Debug */ = {
			isa = XCBuildConfiguration;
			buildSettings = {
				CODE_SIGN_STYLE = Automatic;
				CURRENT_PROJECT_VERSION = 1;
				DEVELOPMENT_TEAM = 6857J7TZ5T;
				GENERATE_INFOPLIST_FILE = YES;
				INFOPLIST_FILE = "";
				IPHONEOS_DEPLOYMENT_TARGET = 18.5;
				MACOSX_DEPLOYMENT_TARGET = 15.5;
				MARKETING_VERSION = 1.0;
				PRODUCT_BUNDLE_IDENTIFIER = Wataru.NotoUITests;
				PRODUCT_NAME = "$(TARGET_NAME)";
				SDKROOT = auto;
				SUPPORTED_PLATFORMS = "iphoneos iphonesimulator macosx xros xrsimulator";
				SWIFT_EMIT_LOC_STRINGS = NO;
				SWIFT_VERSION = 5.0;
				TARGETED_DEVICE_FAMILY = "1,2,7";
				TEST_TARGET_NAME = NTex;
				XROS_DEPLOYMENT_TARGET = 2.5;
			};
			name = Debug;
		};
		FAA7625C2E66CAE800BF88FD /* Release */ = {
			isa = XCBuildConfiguration;
			buildSettings = {
				CODE_SIGN_STYLE = Automatic;
				CURRENT_PROJECT_VERSION = 1;
				DEVELOPMENT_TEAM = 6857J7TZ5T;
				GENERATE_INFOPLIST_FILE = YES;
				INFOPLIST_FILE = "";
				IPHONEOS_DEPLOYMENT_TARGET = 18.5;
				MACOSX_DEPLOYMENT_TARGET = 15.5;
				MARKETING_VERSION = 1.0;
				PRODUCT_BUNDLE_IDENTIFIER = Wataru.NotoUITests;
				PRODUCT_NAME = "$(TARGET_NAME)";
				SDKROOT = auto;
				SUPPORTED_PLATFORMS = "iphoneos iphonesimulator macosx xros xrsimulator";
				SWIFT_EMIT_LOC_STRINGS = NO;
				SWIFT_VERSION = 5.0;
				TARGETED_DEVICE_FAMILY = "1,2,7";
				TEST_TARGET_NAME = NTex;
				XROS_DEPLOYMENT_TARGET = 2.5;
			};
			name = Release;
		};
/* End XCBuildConfiguration section */

/* Begin XCConfigurationList section */
		FAA7622D2E66CAE700BF88FD /* Build configuration list for PBXProject "Noto" */ = {
			isa = XCConfigurationList;
			buildConfigurations = (
				FAA762522E66CAE800BF88FD /* Debug */,
				FAA762532E66CAE800BF88FD /* Release */,
			);
			defaultConfigurationIsVisible = 0;
			defaultConfigurationName = Release;
		};
		FAA762542E66CAE800BF88FD /* Build configuration list for PBXNativeTarget "Noto" */ = {
			isa = XCConfigurationList;
			buildConfigurations = (
				FAA762552E66CAE800BF88FD /* Debug */,
				FAA762562E66CAE800BF88FD /* Release */,
			);
			defaultConfigurationIsVisible = 0;
			defaultConfigurationName = Release;
		};
		FAA762572E66CAE800BF88FD /* Build configuration list for PBXNativeTarget "NotoTests" */ = {
			isa = XCConfigurationList;
			buildConfigurations = (
				FAA762582E66CAE800BF88FD /* Debug */,
				FAA762592E66CAE800BF88FD /* Release */,
			);
			defaultConfigurationIsVisible = 0;
			defaultConfigurationName = Release;
		};
		FAA7625A2E66CAE800BF88FD /* Build configuration list for PBXNativeTarget "NotoUITests" */ = {
			isa = XCConfigurationList;
			buildConfigurations = (
				FAA7625B2E66CAE800BF88FD /* Debug */,
				FAA7625C2E66CAE800BF88FD /* Release */,
			);
			defaultConfigurationIsVisible = 0;
			defaultConfigurationName = Release;
		};
/* End XCConfigurationList section */
	};
	rootObject = FAA7622A2E66CAE700BF88FD /* Project object */;
}
